// !$*UTF8*$!
{
	archiveVersion = 1;
	classes = {
	};
	objectVersion = 46;
	objects = {

/* Begin PBXBuildFile section */
		58EA3DD7031EA4A2378B593C /* libPods.a in Frameworks */ = {isa = PBXBuildFile; fileRef = 229CAD64CC877EBAC099F8A1 /* libPods.a */; };
		96A5BAAF1AF6A21F004587AC /* main.m in Sources */ = {isa = PBXBuildFile; fileRef = 96A5BAAE1AF6A21F004587AC /* main.m */; };
		96A5BAB21AF6A21F004587AC /* AppDelegate.m in Sources */ = {isa = PBXBuildFile; fileRef = 96A5BAB11AF6A21F004587AC /* AppDelegate.m */; };
		96A5BAB81AF6A21F004587AC /* Main.storyboard in Resources */ = {isa = PBXBuildFile; fileRef = 96A5BAB61AF6A21F004587AC /* Main.storyboard */; };
		96A5BABA1AF6A21F004587AC /* Images.xcassets in Resources */ = {isa = PBXBuildFile; fileRef = 96A5BAB91AF6A21F004587AC /* Images.xcassets */; };
		96A5BABD1AF6A21F004587AC /* LaunchScreen.xib in Resources */ = {isa = PBXBuildFile; fileRef = 96A5BABB1AF6A21F004587AC /* LaunchScreen.xib */; };
		96A5BAC91AF6A220004587AC /* YouLocalTests.m in Sources */ = {isa = PBXBuildFile; fileRef = 96A5BAC81AF6A220004587AC /* YouLocalTests.m */; };
		96A5BAD31AF6A335004587AC /* Podfile in Resources */ = {isa = PBXBuildFile; fileRef = 96A5BAD21AF6A335004587AC /* Podfile */; };
		96A5BAD81AF6A4E6004587AC /* HTTPClient.m in Sources */ = {isa = PBXBuildFile; fileRef = 96A5BAD71AF6A4E6004587AC /* HTTPClient.m */; };
		96A5BADB1AF6A5A1004587AC /* Collection.m in Sources */ = {isa = PBXBuildFile; fileRef = 96A5BADA1AF6A5A1004587AC /* Collection.m */; };
		96A5BADE1AF6A5C8004587AC /* PersistencyManager.m in Sources */ = {isa = PBXBuildFile; fileRef = 96A5BADD1AF6A5C8004587AC /* PersistencyManager.m */; };
		96A5BAE11AF6A604004587AC /* LibraryAPI.m in Sources */ = {isa = PBXBuildFile; fileRef = 96A5BAE01AF6A604004587AC /* LibraryAPI.m */; };
		96A5BAE51AF6A7D2004587AC /* User.m in Sources */ = {isa = PBXBuildFile; fileRef = 96A5BAE41AF6A7D2004587AC /* User.m */; };
		96A5BAE81AF6A8E9004587AC /* Notification.m in Sources */ = {isa = PBXBuildFile; fileRef = 96A5BAE71AF6A8E9004587AC /* Notification.m */; };
		96A5BAED1AF6AC83004587AC /* BasePaginationTableViewController.m in Sources */ = {isa = PBXBuildFile; fileRef = 96A5BAEC1AF6AC83004587AC /* BasePaginationTableViewController.m */; };
		96A5BAF21AF6AD17004587AC /* NotificationTableViewCell.m in Sources */ = {isa = PBXBuildFile; fileRef = 96A5BAF11AF6AD17004587AC /* NotificationTableViewCell.m */; };
		96A5BAF51AF6ADB3004587AC /* NotificationsTableViewController.m in Sources */ = {isa = PBXBuildFile; fileRef = 96A5BAF41AF6ADB3004587AC /* NotificationsTableViewController.m */; };
/* End PBXBuildFile section */

/* Begin PBXContainerItemProxy section */
		96A5BAC31AF6A220004587AC /* PBXContainerItemProxy */ = {
			isa = PBXContainerItemProxy;
			containerPortal = 96A5BAA11AF6A21F004587AC /* Project object */;
			proxyType = 1;
			remoteGlobalIDString = 96A5BAA81AF6A21F004587AC;
			remoteInfo = YouLocal;
		};
/* End PBXContainerItemProxy section */

/* Begin PBXFileReference section */
		229CAD64CC877EBAC099F8A1 /* libPods.a */ = {isa = PBXFileReference; explicitFileType = archive.ar; includeInIndex = 0; path = libPods.a; sourceTree = BUILT_PRODUCTS_DIR; };
		3DCEE0701F6D95978F9D77BE /* Pods.debug.xcconfig */ = {isa = PBXFileReference; includeInIndex = 1; lastKnownFileType = text.xcconfig; name = Pods.debug.xcconfig; path = "Pods/Target Support Files/Pods/Pods.debug.xcconfig"; sourceTree = "<group>"; };
		554EBBA089E28550F551D523 /* Pods.release.xcconfig */ = {isa = PBXFileReference; includeInIndex = 1; lastKnownFileType = text.xcconfig; name = Pods.release.xcconfig; path = "Pods/Target Support Files/Pods/Pods.release.xcconfig"; sourceTree = "<group>"; };
		96A5BAA91AF6A21F004587AC /* YouLocal.app */ = {isa = PBXFileReference; explicitFileType = wrapper.application; includeInIndex = 0; path = YouLocal.app; sourceTree = BUILT_PRODUCTS_DIR; };
		96A5BAAD1AF6A21F004587AC /* Info.plist */ = {isa = PBXFileReference; lastKnownFileType = text.plist.xml; path = Info.plist; sourceTree = "<group>"; };
		96A5BAAE1AF6A21F004587AC /* main.m */ = {isa = PBXFileReference; lastKnownFileType = sourcecode.c.objc; path = main.m; sourceTree = "<group>"; };
		96A5BAB01AF6A21F004587AC /* AppDelegate.h */ = {isa = PBXFileReference; lastKnownFileType = sourcecode.c.h; path = AppDelegate.h; sourceTree = "<group>"; };
		96A5BAB11AF6A21F004587AC /* AppDelegate.m */ = {isa = PBXFileReference; lastKnownFileType = sourcecode.c.objc; path = AppDelegate.m; sourceTree = "<group>"; };
		96A5BAB71AF6A21F004587AC /* Base */ = {isa = PBXFileReference; lastKnownFileType = file.storyboard; name = Base; path = Base.lproj/Main.storyboard; sourceTree = "<group>"; };
		96A5BAB91AF6A21F004587AC /* Images.xcassets */ = {isa = PBXFileReference; lastKnownFileType = folder.assetcatalog; path = Images.xcassets; sourceTree = "<group>"; };
		96A5BABC1AF6A21F004587AC /* Base */ = {isa = PBXFileReference; lastKnownFileType = file.xib; name = Base; path = Base.lproj/LaunchScreen.xib; sourceTree = "<group>"; };
		96A5BAC21AF6A220004587AC /* YouLocalTests.xctest */ = {isa = PBXFileReference; explicitFileType = wrapper.cfbundle; includeInIndex = 0; path = YouLocalTests.xctest; sourceTree = BUILT_PRODUCTS_DIR; };
		96A5BAC71AF6A220004587AC /* Info.plist */ = {isa = PBXFileReference; lastKnownFileType = text.plist.xml; path = Info.plist; sourceTree = "<group>"; };
		96A5BAC81AF6A220004587AC /* YouLocalTests.m */ = {isa = PBXFileReference; lastKnownFileType = sourcecode.c.objc; path = YouLocalTests.m; sourceTree = "<group>"; };
		96A5BAD21AF6A335004587AC /* Podfile */ = {isa = PBXFileReference; fileEncoding = 4; lastKnownFileType = text; path = Podfile; sourceTree = "<group>"; xcLanguageSpecificationIdentifier = xcode.lang.ruby; };
		96A5BAD61AF6A4E6004587AC /* HTTPClient.h */ = {isa = PBXFileReference; fileEncoding = 4; lastKnownFileType = sourcecode.c.h; path = HTTPClient.h; sourceTree = "<group>"; };
		96A5BAD71AF6A4E6004587AC /* HTTPClient.m */ = {isa = PBXFileReference; fileEncoding = 4; lastKnownFileType = sourcecode.c.objc; path = HTTPClient.m; sourceTree = "<group>"; };
		96A5BAD91AF6A5A1004587AC /* Collection.h */ = {isa = PBXFileReference; fileEncoding = 4; lastKnownFileType = sourcecode.c.h; path = Collection.h; sourceTree = "<group>"; };
		96A5BADA1AF6A5A1004587AC /* Collection.m */ = {isa = PBXFileReference; fileEncoding = 4; lastKnownFileType = sourcecode.c.objc; path = Collection.m; sourceTree = "<group>"; };
		96A5BADC1AF6A5C8004587AC /* PersistencyManager.h */ = {isa = PBXFileReference; fileEncoding = 4; lastKnownFileType = sourcecode.c.h; path = PersistencyManager.h; sourceTree = "<group>"; };
		96A5BADD1AF6A5C8004587AC /* PersistencyManager.m */ = {isa = PBXFileReference; fileEncoding = 4; lastKnownFileType = sourcecode.c.objc; path = PersistencyManager.m; sourceTree = "<group>"; };
		96A5BADF1AF6A604004587AC /* LibraryAPI.h */ = {isa = PBXFileReference; fileEncoding = 4; lastKnownFileType = sourcecode.c.h; path = LibraryAPI.h; sourceTree = "<group>"; };
		96A5BAE01AF6A604004587AC /* LibraryAPI.m */ = {isa = PBXFileReference; fileEncoding = 4; lastKnownFileType = sourcecode.c.objc; path = LibraryAPI.m; sourceTree = "<group>"; };
		96A5BAE31AF6A7D2004587AC /* User.h */ = {isa = PBXFileReference; fileEncoding = 4; lastKnownFileType = sourcecode.c.h; path = User.h; sourceTree = "<group>"; };
		96A5BAE41AF6A7D2004587AC /* User.m */ = {isa = PBXFileReference; fileEncoding = 4; lastKnownFileType = sourcecode.c.objc; path = User.m; sourceTree = "<group>"; };
		96A5BAE61AF6A8E9004587AC /* Notification.h */ = {isa = PBXFileReference; fileEncoding = 4; lastKnownFileType = sourcecode.c.h; path = Notification.h; sourceTree = "<group>"; };
		96A5BAE71AF6A8E9004587AC /* Notification.m */ = {isa = PBXFileReference; fileEncoding = 4; lastKnownFileType = sourcecode.c.objc; path = Notification.m; sourceTree = "<group>"; };
		96A5BAEB1AF6AC83004587AC /* BasePaginationTableViewController.h */ = {isa = PBXFileReference; fileEncoding = 4; lastKnownFileType = sourcecode.c.h; path = BasePaginationTableViewController.h; sourceTree = "<group>"; };
		96A5BAEC1AF6AC83004587AC /* BasePaginationTableViewController.m */ = {isa = PBXFileReference; fileEncoding = 4; lastKnownFileType = sourcecode.c.objc; path = BasePaginationTableViewController.m; sourceTree = "<group>"; };
		96A5BAF01AF6AD17004587AC /* NotificationTableViewCell.h */ = {isa = PBXFileReference; fileEncoding = 4; lastKnownFileType = sourcecode.c.h; path = NotificationTableViewCell.h; sourceTree = "<group>"; };
		96A5BAF11AF6AD17004587AC /* NotificationTableViewCell.m */ = {isa = PBXFileReference; fileEncoding = 4; lastKnownFileType = sourcecode.c.objc; path = NotificationTableViewCell.m; sourceTree = "<group>"; };
		96A5BAF31AF6ADB3004587AC /* NotificationsTableViewController.h */ = {isa = PBXFileReference; fileEncoding = 4; lastKnownFileType = sourcecode.c.h; path = NotificationsTableViewController.h; sourceTree = "<group>"; };
		96A5BAF41AF6ADB3004587AC /* NotificationsTableViewController.m */ = {isa = PBXFileReference; fileEncoding = 4; lastKnownFileType = sourcecode.c.objc; path = NotificationsTableViewController.m; sourceTree = "<group>"; };
		96EAF7091C048034000F91DA /* Lato-Bol.ttf */ = {isa = PBXFileReference; lastKnownFileType = file; path = "Lato-Bol.ttf"; sourceTree = "<group>"; };
		96EAF70A1C048034000F91DA /* Lato-Reg.ttf */ = {isa = PBXFileReference; lastKnownFileType = file; path = "Lato-Reg.ttf"; sourceTree = "<group>"; };
/* End PBXFileReference section */

/* Begin PBXFrameworksBuildPhase section */
		96A5BAA61AF6A21F004587AC /* Frameworks */ = {
			isa = PBXFrameworksBuildPhase;
			buildActionMask = 2147483647;
			files = (
				58EA3DD7031EA4A2378B593C /* libPods.a in Frameworks */,
			);
			runOnlyForDeploymentPostprocessing = 0;
		};
		96A5BABF1AF6A220004587AC /* Frameworks */ = {
			isa = PBXFrameworksBuildPhase;
			buildActionMask = 2147483647;
			files = (
			);
			runOnlyForDeploymentPostprocessing = 0;
		};
/* End PBXFrameworksBuildPhase section */

/* Begin PBXGroup section */
		17355FABB1FD2288B3EAB7A0 /* Frameworks */ = {
			isa = PBXGroup;
			children = (
				229CAD64CC877EBAC099F8A1 /* libPods.a */,
			);
			name = Frameworks;
			sourceTree = "<group>";
		};
		4706EA35CDCB7DC27792ED6B /* Pods */ = {
			isa = PBXGroup;
			children = (
				3DCEE0701F6D95978F9D77BE /* Pods.debug.xcconfig */,
				554EBBA089E28550F551D523 /* Pods.release.xcconfig */,
			);
			name = Pods;
			sourceTree = "<group>";
		};
		96A5BAA01AF6A21F004587AC = {
			isa = PBXGroup;
			children = (
				96A5BAAB1AF6A21F004587AC /* YouLocal */,
				96A5BAC51AF6A220004587AC /* YouLocalTests */,
				96A5BAAA1AF6A21F004587AC /* Products */,
				96A5BAD21AF6A335004587AC /* Podfile */,
				4706EA35CDCB7DC27792ED6B /* Pods */,
				17355FABB1FD2288B3EAB7A0 /* Frameworks */,
			);
			sourceTree = "<group>";
		};
		96A5BAAA1AF6A21F004587AC /* Products */ = {
			isa = PBXGroup;
			children = (
				96A5BAA91AF6A21F004587AC /* YouLocal.app */,
				96A5BAC21AF6A220004587AC /* YouLocalTests.xctest */,
			);
			name = Products;
			sourceTree = "<group>";
		};
		96A5BAAB1AF6A21F004587AC /* YouLocal */ = {
			isa = PBXGroup;
			children = (
				96A5BAEE1AF6ACEE004587AC /* Views */,
				96A5BAE91AF6AC83004587AC /* Controllers */,
				96A5BAE21AF6A7C7004587AC /* Models */,
				96A5BAD51AF6A4A6004587AC /* API */,
				96A5BAB01AF6A21F004587AC /* AppDelegate.h */,
				96A5BAB11AF6A21F004587AC /* AppDelegate.m */,
				96A5BAB61AF6A21F004587AC /* Main.storyboard */,
				96A5BAB91AF6A21F004587AC /* Images.xcassets */,
				96A5BABB1AF6A21F004587AC /* LaunchScreen.xib */,
				96A5BAAC1AF6A21F004587AC /* Supporting Files */,
			);
			path = YouLocal;
			sourceTree = "<group>";
		};
		96A5BAAC1AF6A21F004587AC /* Supporting Files */ = {
			isa = PBXGroup;
			children = (
				96EAF7091C048034000F91DA /* Lato-Bol.ttf */,
				96EAF70A1C048034000F91DA /* Lato-Reg.ttf */,
				96A5BAAD1AF6A21F004587AC /* Info.plist */,
				96A5BAAE1AF6A21F004587AC /* main.m */,
			);
			name = "Supporting Files";
			sourceTree = "<group>";
		};
		96A5BAC51AF6A220004587AC /* YouLocalTests */ = {
			isa = PBXGroup;
			children = (
				96A5BAC81AF6A220004587AC /* YouLocalTests.m */,
				96A5BAC61AF6A220004587AC /* Supporting Files */,
			);
			path = YouLocalTests;
			sourceTree = "<group>";
		};
		96A5BAC61AF6A220004587AC /* Supporting Files */ = {
			isa = PBXGroup;
			children = (
				96A5BAC71AF6A220004587AC /* Info.plist */,
			);
			name = "Supporting Files";
			sourceTree = "<group>";
		};
		96A5BAD51AF6A4A6004587AC /* API */ = {
			isa = PBXGroup;
			children = (
				96A5BADC1AF6A5C8004587AC /* PersistencyManager.h */,
				96A5BADD1AF6A5C8004587AC /* PersistencyManager.m */,
				96A5BAD91AF6A5A1004587AC /* Collection.h */,
				96A5BADA1AF6A5A1004587AC /* Collection.m */,
				96A5BAD61AF6A4E6004587AC /* HTTPClient.h */,
				96A5BAD71AF6A4E6004587AC /* HTTPClient.m */,
				96A5BADF1AF6A604004587AC /* LibraryAPI.h */,
				96A5BAE01AF6A604004587AC /* LibraryAPI.m */,
			);
			path = API;
			sourceTree = "<group>";
		};
		96A5BAE21AF6A7C7004587AC /* Models */ = {
			isa = PBXGroup;
			children = (
				96A5BAE31AF6A7D2004587AC /* User.h */,
				96A5BAE41AF6A7D2004587AC /* User.m */,
				96A5BAE61AF6A8E9004587AC /* Notification.h */,
				96A5BAE71AF6A8E9004587AC /* Notification.m */,
			);
			path = Models;
			sourceTree = "<group>";
		};
		96A5BAE91AF6AC83004587AC /* Controllers */ = {
			isa = PBXGroup;
			children = (
				96A5BAEA1AF6AC83004587AC /* Base */,
				96A5BAF31AF6ADB3004587AC /* NotificationsTableViewController.h */,
				96A5BAF41AF6ADB3004587AC /* NotificationsTableViewController.m */,
			);
			path = Controllers;
			sourceTree = "<group>";
		};
		96A5BAEA1AF6AC83004587AC /* Base */ = {
			isa = PBXGroup;
			children = (
				96A5BAEB1AF6AC83004587AC /* BasePaginationTableViewController.h */,
				96A5BAEC1AF6AC83004587AC /* BasePaginationTableViewController.m */,
			);
			path = Base;
			sourceTree = "<group>";
		};
		96A5BAEE1AF6ACEE004587AC /* Views */ = {
			isa = PBXGroup;
			children = (
				96A5BAEF1AF6ACFC004587AC /* Cells */,
			);
			path = Views;
			sourceTree = "<group>";
		};
		96A5BAEF1AF6ACFC004587AC /* Cells */ = {
			isa = PBXGroup;
			children = (
				96A5BAF01AF6AD17004587AC /* NotificationTableViewCell.h */,
				96A5BAF11AF6AD17004587AC /* NotificationTableViewCell.m */,
			);
			path = Cells;
			sourceTree = "<group>";
		};
/* End PBXGroup section */

/* Begin PBXNativeTarget section */
		96A5BAA81AF6A21F004587AC /* YouLocal */ = {
			isa = PBXNativeTarget;
			buildConfigurationList = 96A5BACC1AF6A220004587AC /* Build configuration list for PBXNativeTarget "YouLocal" */;
			buildPhases = (
				2AF42695790A96B5CB08555C /* Check Pods Manifest.lock */,
				96A5BAA51AF6A21F004587AC /* Sources */,
				96A5BAA61AF6A21F004587AC /* Frameworks */,
				96A5BAA71AF6A21F004587AC /* Resources */,
				3DC47BADCBCB02687B385A7B /* Copy Pods Resources */,
			);
			buildRules = (
			);
			dependencies = (
			);
			name = YouLocal;
			productName = YouLocal;
			productReference = 96A5BAA91AF6A21F004587AC /* YouLocal.app */;
			productType = "com.apple.product-type.application";
		};
		96A5BAC11AF6A220004587AC /* YouLocalTests */ = {
			isa = PBXNativeTarget;
			buildConfigurationList = 96A5BACF1AF6A220004587AC /* Build configuration list for PBXNativeTarget "YouLocalTests" */;
			buildPhases = (
				96A5BABE1AF6A220004587AC /* Sources */,
				96A5BABF1AF6A220004587AC /* Frameworks */,
				96A5BAC01AF6A220004587AC /* Resources */,
			);
			buildRules = (
			);
			dependencies = (
				96A5BAC41AF6A220004587AC /* PBXTargetDependency */,
			);
			name = YouLocalTests;
			productName = YouLocalTests;
			productReference = 96A5BAC21AF6A220004587AC /* YouLocalTests.xctest */;
			productType = "com.apple.product-type.bundle.unit-test";
		};
/* End PBXNativeTarget section */

/* Begin PBXProject section */
		96A5BAA11AF6A21F004587AC /* Project object */ = {
			isa = PBXProject;
			attributes = {
				LastUpgradeCheck = 0630;
				ORGANIZATIONNAME = YouLoc.al;
				TargetAttributes = {
					96A5BAA81AF6A21F004587AC = {
						CreatedOnToolsVersion = 6.3;
					};
					96A5BAC11AF6A220004587AC = {
						CreatedOnToolsVersion = 6.3;
						TestTargetID = 96A5BAA81AF6A21F004587AC;
					};
				};
			};
			buildConfigurationList = 96A5BAA41AF6A21F004587AC /* Build configuration list for PBXProject "YouLocal" */;
			compatibilityVersion = "Xcode 3.2";
			developmentRegion = English;
			hasScannedForEncodings = 0;
			knownRegions = (
				en,
				Base,
			);
			mainGroup = 96A5BAA01AF6A21F004587AC;
			productRefGroup = 96A5BAAA1AF6A21F004587AC /* Products */;
			projectDirPath = "";
			projectRoot = "";
			targets = (
				96A5BAA81AF6A21F004587AC /* YouLocal */,
				96A5BAC11AF6A220004587AC /* YouLocalTests */,
			);
		};
/* End PBXProject section */

/* Begin PBXResourcesBuildPhase section */
		96A5BAA71AF6A21F004587AC /* Resources */ = {
			isa = PBXResourcesBuildPhase;
			buildActionMask = 2147483647;
			files = (
				96A5BAB81AF6A21F004587AC /* Main.storyboard in Resources */,
				96A5BABD1AF6A21F004587AC /* LaunchScreen.xib in Resources */,
				96A5BAD31AF6A335004587AC /* Podfile in Resources */,
				96A5BABA1AF6A21F004587AC /* Images.xcassets in Resources */,
			);
			runOnlyForDeploymentPostprocessing = 0;
		};
		96A5BAC01AF6A220004587AC /* Resources */ = {
			isa = PBXResourcesBuildPhase;
			buildActionMask = 2147483647;
			files = (
			);
			runOnlyForDeploymentPostprocessing = 0;
		};
/* End PBXResourcesBuildPhase section */

/* Begin PBXShellScriptBuildPhase section */
		2AF42695790A96B5CB08555C /* Check Pods Manifest.lock */ = {
			isa = PBXShellScriptBuildPhase;
			buildActionMask = 2147483647;
			files = (
			);
			inputPaths = (
			);
			name = "Check Pods Manifest.lock";
			outputPaths = (
			);
			runOnlyForDeploymentPostprocessing = 0;
			shellPath = /bin/sh;
			shellScript = "diff \"${PODS_ROOT}/../Podfile.lock\" \"${PODS_ROOT}/Manifest.lock\" > /dev/null\nif [[ $? != 0 ]] ; then\n    cat << EOM\nerror: The sandbox is not in sync with the Podfile.lock. Run 'pod install' or update your CocoaPods installation.\nEOM\n    exit 1\nfi\n";
			showEnvVarsInLog = 0;
		};
		3DC47BADCBCB02687B385A7B /* Copy Pods Resources */ = {
			isa = PBXShellScriptBuildPhase;
			buildActionMask = 2147483647;
			files = (
			);
			inputPaths = (
			);
			name = "Copy Pods Resources";
			outputPaths = (
			);
			runOnlyForDeploymentPostprocessing = 0;
			shellPath = /bin/sh;
			shellScript = "\"${SRCROOT}/Pods/Target Support Files/Pods/Pods-resources.sh\"\n";
			showEnvVarsInLog = 0;
		};
/* End PBXShellScriptBuildPhase section */

/* Begin PBXSourcesBuildPhase section */
		96A5BAA51AF6A21F004587AC /* Sources */ = {
			isa = PBXSourcesBuildPhase;
			buildActionMask = 2147483647;
			files = (
				96A5BAE51AF6A7D2004587AC /* User.m in Sources */,
				96A5BADB1AF6A5A1004587AC /* Collection.m in Sources */,
				96A5BAE81AF6A8E9004587AC /* Notification.m in Sources */,
				96A5BAF21AF6AD17004587AC /* NotificationTableViewCell.m in Sources */,
				96A5BAED1AF6AC83004587AC /* BasePaginationTableViewController.m in Sources */,
				96A5BAF51AF6ADB3004587AC /* NotificationsTableViewController.m in Sources */,
				96A5BAB21AF6A21F004587AC /* AppDelegate.m in Sources */,
				96A5BAE11AF6A604004587AC /* LibraryAPI.m in Sources */,
				96A5BAD81AF6A4E6004587AC /* HTTPClient.m in Sources */,
				96A5BAAF1AF6A21F004587AC /* main.m in Sources */,
				96A5BADE1AF6A5C8004587AC /* PersistencyManager.m in Sources */,
			);
			runOnlyForDeploymentPostprocessing = 0;
		};
		96A5BABE1AF6A220004587AC /* Sources */ = {
			isa = PBXSourcesBuildPhase;
			buildActionMask = 2147483647;
			files = (
				96A5BAC91AF6A220004587AC /* YouLocalTests.m in Sources */,
			);
			runOnlyForDeploymentPostprocessing = 0;
		};
/* End PBXSourcesBuildPhase section */

/* Begin PBXTargetDependency section */
		96A5BAC41AF6A220004587AC /* PBXTargetDependency */ = {
			isa = PBXTargetDependency;
			target = 96A5BAA81AF6A21F004587AC /* YouLocal */;
			targetProxy = 96A5BAC31AF6A220004587AC /* PBXContainerItemProxy */;
		};
/* End PBXTargetDependency section */

/* Begin PBXVariantGroup section */
		96A5BAB61AF6A21F004587AC /* Main.storyboard */ = {
			isa = PBXVariantGroup;
			children = (
				96A5BAB71AF6A21F004587AC /* Base */,
			);
			name = Main.storyboard;
			sourceTree = "<group>";
		};
		96A5BABB1AF6A21F004587AC /* LaunchScreen.xib */ = {
			isa = PBXVariantGroup;
			children = (
				96A5BABC1AF6A21F004587AC /* Base */,
			);
			name = LaunchScreen.xib;
			sourceTree = "<group>";
		};
/* End PBXVariantGroup section */

/* Begin XCBuildConfiguration section */
		96A5BACA1AF6A220004587AC /* Debug */ = {
			isa = XCBuildConfiguration;
			buildSettings = {
				ALWAYS_SEARCH_USER_PATHS = NO;
				CLANG_CXX_LANGUAGE_STANDARD = "gnu++0x";
				CLANG_CXX_LIBRARY = "libc++";
				CLANG_ENABLE_MODULES = YES;
				CLANG_ENABLE_OBJC_ARC = YES;
				CLANG_WARN_BOOL_CONVERSION = YES;
				CLANG_WARN_CONSTANT_CONVERSION = YES;
				CLANG_WARN_DIRECT_OBJC_ISA_USAGE = YES_ERROR;
				CLANG_WARN_EMPTY_BODY = YES;
				CLANG_WARN_ENUM_CONVERSION = YES;
				CLANG_WARN_INT_CONVERSION = YES;
				CLANG_WARN_OBJC_ROOT_CLASS = YES_ERROR;
				CLANG_WARN_UNREACHABLE_CODE = YES;
				CLANG_WARN__DUPLICATE_METHOD_MATCH = YES;
				"CODE_SIGN_IDENTITY[sdk=iphoneos*]" = "iPhone Developer";
				COPY_PHASE_STRIP = NO;
				DEBUG_INFORMATION_FORMAT = "dwarf-with-dsym";
				ENABLE_STRICT_OBJC_MSGSEND = YES;
				GCC_C_LANGUAGE_STANDARD = gnu99;
				GCC_DYNAMIC_NO_PIC = NO;
				GCC_NO_COMMON_BLOCKS = YES;
				GCC_OPTIMIZATION_LEVEL = 0;
				GCC_PREPROCESSOR_DEFINITIONS = (
					"DEBUG=1",
					"$(inherited)",
				);
				GCC_SYMBOLS_PRIVATE_EXTERN = NO;
				GCC_WARN_64_TO_32_BIT_CONVERSION = YES;
				GCC_WARN_ABOUT_RETURN_TYPE = YES_ERROR;
				GCC_WARN_UNDECLARED_SELECTOR = YES;
				GCC_WARN_UNINITIALIZED_AUTOS = YES_AGGRESSIVE;
				GCC_WARN_UNUSED_FUNCTION = YES;
				GCC_WARN_UNUSED_VARIABLE = YES;
				IPHONEOS_DEPLOYMENT_TARGET = 8.3;
				MTL_ENABLE_DEBUG_INFO = YES;
				ONLY_ACTIVE_ARCH = YES;
				SDKROOT = iphoneos;
				TARGETED_DEVICE_FAMILY = "1,2";
			};
			name = Debug;
		};
		96A5BACB1AF6A220004587AC /* Release */ = {
			isa = XCBuildConfiguration;
			buildSettings = {
				ALWAYS_SEARCH_USER_PATHS = NO;
				CLANG_CXX_LANGUAGE_STANDARD = "gnu++0x";
				CLANG_CXX_LIBRARY = "libc++";
				CLANG_ENABLE_MODULES = YES;
				CLANG_ENABLE_OBJC_ARC = YES;
				CLANG_WARN_BOOL_CONVERSION = YES;
				CLANG_WARN_CONSTANT_CONVERSION = YES;
				CLANG_WARN_DIRECT_OBJC_ISA_USAGE = YES_ERROR;
				CLANG_WARN_EMPTY_BODY = YES;
				CLANG_WARN_ENUM_CONVERSION = YES;
				CLANG_WARN_INT_CONVERSION = YES;
				CLANG_WARN_OBJC_ROOT_CLASS = YES_ERROR;
				CLANG_WARN_UNREACHABLE_CODE = YES;
				CLANG_WARN__DUPLICATE_METHOD_MATCH = YES;
				"CODE_SIGN_IDENTITY[sdk=iphoneos*]" = "iPhone Developer";
				COPY_PHASE_STRIP = NO;
				DEBUG_INFORMATION_FORMAT = "dwarf-with-dsym";
				ENABLE_NS_ASSERTIONS = NO;
				ENABLE_STRICT_OBJC_MSGSEND = YES;
				GCC_C_LANGUAGE_STANDARD = gnu99;
				GCC_NO_COMMON_BLOCKS = YES;
				GCC_WARN_64_TO_32_BIT_CONVERSION = YES;
				GCC_WARN_ABOUT_RETURN_TYPE = YES_ERROR;
				GCC_WARN_UNDECLARED_SELECTOR = YES;
				GCC_WARN_UNINITIALIZED_AUTOS = YES_AGGRESSIVE;
				GCC_WARN_UNUSED_FUNCTION = YES;
				GCC_WARN_UNUSED_VARIABLE = YES;
				IPHONEOS_DEPLOYMENT_TARGET = 8.3;
				MTL_ENABLE_DEBUG_INFO = NO;
				SDKROOT = iphoneos;
				TARGETED_DEVICE_FAMILY = "1,2";
				VALIDATE_PRODUCT = YES;
			};
			name = Release;
		};
		96A5BACD1AF6A220004587AC /* Debug */ = {
			isa = XCBuildConfiguration;
			baseConfigurationReference = 3DCEE0701F6D95978F9D77BE /* Pods.debug.xcconfig */;
			buildSettings = {
				ASSETCATALOG_COMPILER_APPICON_NAME = AppIcon;
				INFOPLIST_FILE = YouLocal/Info.plist;
				LD_RUNPATH_SEARCH_PATHS = "$(inherited) @executable_path/Frameworks";
				PRODUCT_NAME = "$(TARGET_NAME)";
			};
			name = Debug;
		};
		96A5BACE1AF6A220004587AC /* Release */ = {
			isa = XCBuildConfiguration;
			baseConfigurationReference = 554EBBA089E28550F551D523 /* Pods.release.xcconfig */;
			buildSettings = {
				ASSETCATALOG_COMPILER_APPICON_NAME = AppIcon;
				INFOPLIST_FILE = YouLocal/Info.plist;
				LD_RUNPATH_SEARCH_PATHS = "$(inherited) @executable_path/Frameworks";
				PRODUCT_NAME = "$(TARGET_NAME)";
			};
			name = Release;
		};
		96A5BAD01AF6A220004587AC /* Debug */ = {
			isa = XCBuildConfiguration;
			buildSettings = {
				BUNDLE_LOADER = "$(TEST_HOST)";
				FRAMEWORK_SEARCH_PATHS = (
					"$(SDKROOT)/Developer/Library/Frameworks",
					"$(inherited)",
				);
				GCC_PREPROCESSOR_DEFINITIONS = (
					"DEBUG=1",
					"$(inherited)",
				);
				INFOPLIST_FILE = YouLocalTests/Info.plist;
				LD_RUNPATH_SEARCH_PATHS = "$(inherited) @executable_path/Frameworks @loader_path/Frameworks";
				PRODUCT_NAME = "$(TARGET_NAME)";
				TEST_HOST = "$(BUILT_PRODUCTS_DIR)/YouLocal.app/YouLocal";
			};
			name = Debug;
		};
		96A5BAD11AF6A220004587AC /* Release */ = {
			isa = XCBuildConfiguration;
			buildSettings = {
				BUNDLE_LOADER = "$(TEST_HOST)";
				FRAMEWORK_SEARCH_PATHS = (
					"$(SDKROOT)/Developer/Library/Frameworks",
					"$(inherited)",
				);
				INFOPLIST_FILE = YouLocalTests/Info.plist;
				LD_RUNPATH_SEARCH_PATHS = "$(inherited) @executable_path/Frameworks @loader_path/Frameworks";
				PRODUCT_NAME = "$(TARGET_NAME)";
				TEST_HOST = "$(BUILT_PRODUCTS_DIR)/YouLocal.app/YouLocal";
			};
			name = Release;
		};
/* End XCBuildConfiguration section */

/* Begin XCConfigurationList section */
		96A5BAA41AF6A21F004587AC /* Build configuration list for PBXProject "YouLocal" */ = {
			isa = XCConfigurationList;
			buildConfigurations = (
				96A5BACA1AF6A220004587AC /* Debug */,
				96A5BACB1AF6A220004587AC /* Release */,
			);
			defaultConfigurationIsVisible = 0;
			defaultConfigurationName = Release;
		};
		96A5BACC1AF6A220004587AC /* Build configuration list for PBXNativeTarget "YouLocal" */ = {
			isa = XCConfigurationList;
			buildConfigurations = (
				96A5BACD1AF6A220004587AC /* Debug */,
				96A5BACE1AF6A220004587AC /* Release */,
			);
			defaultConfigurationIsVisible = 0;
			defaultConfigurationName = Release;
		};
		96A5BACF1AF6A220004587AC /* Build configuration list for PBXNativeTarget "YouLocalTests" */ = {
			isa = XCConfigurationList;
			buildConfigurations = (
				96A5BAD01AF6A220004587AC /* Debug */,
				96A5BAD11AF6A220004587AC /* Release */,
			);
			defaultConfigurationIsVisible = 0;
			defaultConfigurationName = Release;
		};
/* End XCConfigurationList section */
	};
	rootObject = 96A5BAA11AF6A21F004587AC /* Project object */;
}
